// !$*UTF8*$!
{
	archiveVersion = 1;
	classes = {
	};
	objectVersion = 56;
	objects = {

/* Begin PBXBuildFile section */
		1D60A2D92CB74C6500110A10 /* PacePushApp.swift in Sources */ = {isa = PBXBuildFile; fileRef = 1D60A2D82CB74C6500110A10 /* PacePushApp.swift */; };
		1D60A2DB2CB74C6500110A10 /* HealthKitDistanceSync.swift in Sources */ = {isa = PBXBuildFile; fileRef = 1D60A2DA2CB74C6500110A10 /* HealthKitDistanceSync.swift */; };
		1D60A2E92CB74C6500110A10 /* Assets.xcassets in Resources */ = {isa = PBXBuildFile; fileRef = 1D60A2E82CB74C6500110A10 /* Assets.xcassets */; };
		1D60A2EB2CB74C6500110A10 /* PrivacyInfo.xcprivacy in Resources */ = {isa = PBXBuildFile; fileRef = 1D60A2EA2CB74C6500110A10 /* PrivacyInfo.xcprivacy */; };
		1D60B0102CB74C6500110A10 /* PacePushTests.swift in Sources */ = {isa = PBXBuildFile; fileRef = 1D60B0042CB74C6500110A10 /* PacePushTests.swift */; };
		1D60B0112CB74C6500110A10 /* PacePushUITests.swift in Sources */ = {isa = PBXBuildFile; fileRef = 1D60B0052CB74C6500110A10 /* PacePushUITests.swift */; };
/* End PBXBuildFile section */

/* Begin PBXContainerItemProxy section */
		1D60B0202CB74C6500110A10 /* PBXContainerItemProxy */ = {
			isa = PBXContainerItemProxy;
			containerPortal = 1D60A2CD2CB74C6500110A10 /* Project object */;
			proxyType = 1;
			remoteGlobalIDString = 1D60A2D42CB74C6500110A10;
			remoteInfo = PacePush;
		};
		1D60B0212CB74C6500110A10 /* PBXContainerItemProxy */ = {
			isa = PBXContainerItemProxy;
			containerPortal = 1D60A2CD2CB74C6500110A10 /* Project object */;
			proxyType = 1;
			remoteGlobalIDString = 1D60A2D42CB74C6500110A10;
			remoteInfo = PacePush;
		};
/* End PBXContainerItemProxy section */

/* Begin PBXFileReference section */
		1D60A2D52CB74C6500110A10 /* PacePush.app */ = {isa = PBXFileReference; explicitFileType = wrapper.application; includeInIndex = 0; path = PacePush.app; sourceTree = BUILT_PRODUCTS_DIR; };
		1D60A2D82CB74C6500110A10 /* PacePushApp.swift */ = {isa = PBXFileReference; lastKnownFileType = sourcecode.swift; path = PacePushApp.swift; sourceTree = "<group>"; };
		1D60A2DA2CB74C6500110A10 /* HealthKitDistanceSync.swift */ = {isa = PBXFileReference; lastKnownFileType = sourcecode.swift; path = HealthKitDistanceSync.swift; sourceTree = "<group>"; };
		1D60A2DC2CB74C6500110A10 /* README.md */ = {isa = PBXFileReference; lastKnownFileType = net.daringfireball.markdown; path = README.md; sourceTree = "<group>"; };
		1D60A2E62CB74C6500110A10 /* Info.plist */ = {isa = PBXFileReference; lastKnownFileType = text.plist.xml; path = Info.plist; sourceTree = "<group>"; };
		1D60A2E72CB74C6500110A10 /* PacePush.entitlements */ = {isa = PBXFileReference; lastKnownFileType = text.plist.entitlements; path = PacePush.entitlements; sourceTree = "<group>"; };
		1D60A2E82CB74C6500110A10 /* Assets.xcassets */ = {isa = PBXFileReference; lastKnownFileType = folder.assetcatalog; path = Assets.xcassets; sourceTree = "<group>"; };
		1D60A2EA2CB74C6500110A10 /* PrivacyInfo.xcprivacy */ = {isa = PBXFileReference; lastKnownFileType = text.plist.xml; path = PrivacyInfo.xcprivacy; sourceTree = "<group>"; };
		1D60B0022CB74C6500110A10 /* PacePushTests.xctest */ = {isa = PBXFileReference; explicitFileType = wrapper.cfbundle; includeInIndex = 0; path = PacePushTests.xctest; sourceTree = BUILT_PRODUCTS_DIR; };
		1D60B0032CB74C6500110A10 /* PacePushUITests.xctest */ = {isa = PBXFileReference; explicitFileType = wrapper.cfbundle; includeInIndex = 0; path = PacePushUITests.xctest; sourceTree = BUILT_PRODUCTS_DIR; };
		1D60B0042CB74C6500110A10 /* PacePushTests.swift */ = {isa = PBXFileReference; lastKnownFileType = sourcecode.swift; path = PacePushTests.swift; sourceTree = "<group>"; };
		1D60B0052CB74C6500110A10 /* PacePushUITests.swift */ = {isa = PBXFileReference; lastKnownFileType = sourcecode.swift; path = PacePushUITests.swift; sourceTree = "<group>"; };
/* End PBXFileReference section */

/* Begin PBXFrameworksBuildPhase section */
		1D60A2D22CB74C6500110A10 /* Frameworks */ = {
			isa = PBXFrameworksBuildPhase;
			buildActionMask = 2147483647;
			files = (
			);
			runOnlyForDeploymentPostprocessing = 0;
		};
		1D60B0302CB74C6500110A10 /* Frameworks */ = {
			isa = PBXFrameworksBuildPhase;
			buildActionMask = 2147483647;
			files = (
			);
			runOnlyForDeploymentPostprocessing = 0;
		};
		1D60B0312CB74C6500110A10 /* Frameworks */ = {
			isa = PBXFrameworksBuildPhase;
			buildActionMask = 2147483647;
			files = (
			);
			runOnlyForDeploymentPostprocessing = 0;
		};
/* End PBXFrameworksBuildPhase section */

/* Begin PBXGroup section */
		1D60A2CC2CB74C6500110A10 = {
			isa = PBXGroup;
			children = (
				1D60A2D82CB74C6500110A10 /* PacePushApp.swift */,
				1D60A2DA2CB74C6500110A10 /* HealthKitDistanceSync.swift */,
				1D60A2E82CB74C6500110A10 /* Assets.xcassets */,
				1D60A2E62CB74C6500110A10 /* Info.plist */,
				1D60A2E72CB74C6500110A10 /* PacePush.entitlements */,
				1D60A2EA2CB74C6500110A10 /* PrivacyInfo.xcprivacy */,
				1D60A2DC2CB74C6500110A10 /* README.md */,
				1D60B0402CB74C6500110A10 /* PacePushTests */,
				1D60B0412CB74C6500110A10 /* PacePushUITests */,
				1D60A2D62CB74C6500110A10 /* Products */,
			);
			sourceTree = "<group>";
		};
		1D60A2D62CB74C6500110A10 /* Products */ = {
			isa = PBXGroup;
			children = (
				1D60A2D52CB74C6500110A10 /* PacePush.app */,
				1D60B0022CB74C6500110A10 /* PacePushTests.xctest */,
				1D60B0032CB74C6500110A10 /* PacePushUITests.xctest */,
			);
			name = Products;
			sourceTree = "<group>";
		};
		1D60B0402CB74C6500110A10 /* PacePushTests */ = {
			isa = PBXGroup;
			children = (
				1D60B0042CB74C6500110A10 /* PacePushTests.swift */,
			);
			path = PacePushTests;
			sourceTree = "<group>";
		};
		1D60B0412CB74C6500110A10 /* PacePushUITests */ = {
			isa = PBXGroup;
			children = (
				1D60B0052CB74C6500110A10 /* PacePushUITests.swift */,
			);
			path = PacePushUITests;
			sourceTree = "<group>";
		};
/* End PBXGroup section */

/* Begin PBXNativeTarget section */
		1D60A2D42CB74C6500110A10 /* PacePush */ = {
			isa = PBXNativeTarget;
			buildConfigurationList = 1D60A2E52CB74C6500110A10 /* Build configuration list for PBXNativeTarget "PacePush" */;
			buildPhases = (
				1D60A2D12CB74C6500110A10 /* Sources */,
				1D60A2D22CB74C6500110A10 /* Frameworks */,
				1D60A2D32CB74C6500110A10 /* Resources */,
			);
			buildRules = (
			);
			dependencies = (
			);
			name = PacePush;
			productName = PacePush;
			productReference = 1D60A2D52CB74C6500110A10 /* PacePush.app */;
			productType = "com.apple.product-type.application";
		};
		1D60B0502CB74C6500110A10 /* PacePushTests */ = {
			isa = PBXNativeTarget;
			buildConfigurationList = 1D60B0802CB74C6500110A10 /* Build configuration list for PBXNativeTarget "PacePushTests" */;
			buildPhases = (
				1D60B0342CB74C6500110A10 /* Sources */,
				1D60B0302CB74C6500110A10 /* Frameworks */,
				1D60B0322CB74C6500110A10 /* Resources */,
			);
			buildRules = (
			);
			dependencies = (
				1D60B0602CB74C6500110A10 /* PBXTargetDependency */,
			);
			name = PacePushTests;
			productName = PacePushTests;
			productReference = 1D60B0022CB74C6500110A10 /* PacePushTests.xctest */;
			productType = "com.apple.product-type.bundle.unit-test";
		};
		1D60B0512CB74C6500110A10 /* PacePushUITests */ = {
			isa = PBXNativeTarget;
			buildConfigurationList = 1D60B0812CB74C6500110A10 /* Build configuration list for PBXNativeTarget "PacePushUITests" */;
			buildPhases = (
				1D60B0352CB74C6500110A10 /* Sources */,
				1D60B0312CB74C6500110A10 /* Frameworks */,
				1D60B0332CB74C6500110A10 /* Resources */,
			);
			buildRules = (
			);
			dependencies = (
				1D60B0612CB74C6500110A10 /* PBXTargetDependency */,
			);
			name = PacePushUITests;
			productName = PacePushUITests;
			productReference = 1D60B0032CB74C6500110A10 /* PacePushUITests.xctest */;
			productType = "com.apple.product-type.bundle.ui-testing";
		};
/* End PBXNativeTarget section */

/* Begin PBXProject section */
		1D60A2CD2CB74C6500110A10 /* Project object */ = {
			isa = PBXProject;
			attributes = {
				BuildIndependentTargetsInParallel = 1;
				LastSwiftUpdateCheck = 2660;
				LastUpgradeCheck = 2660;
				TargetAttributes = {
					1D60A2D42CB74C6500110A10 = {
						CreatedOnToolsVersion = 26.6;
						SystemCapabilities = {
							com.apple.HealthKit = {
								enabled = 1;
							};
						};
					};
					1D60B0502CB74C6500110A10 = {
						CreatedOnToolsVersion = 26.6;
						TestTargetID = 1D60A2D42CB74C6500110A10;
					};
					1D60B0512CB74C6500110A10 = {
						CreatedOnToolsVersion = 26.6;
						TestTargetID = 1D60A2D42CB74C6500110A10;
					};
				};
			};
			buildConfigurationList = 1D60A2D02CB74C6500110A10 /* Build configuration list for PBXProject "PacePush" */;
			compatibilityVersion = "Xcode 14.0";
			developmentRegion = en;
			hasScannedForEncodings = 0;
			knownRegions = (
				en,
				Base,
			);
			mainGroup = 1D60A2CC2CB74C6500110A10;
			productRefGroup = 1D60A2D62CB74C6500110A10 /* Products */;
			projectDirPath = "";
			projectRoot = "";
			targets = (
				1D60A2D42CB74C6500110A10 /* PacePush */,
				1D60B0502CB74C6500110A10 /* PacePushTests */,
				1D60B0512CB74C6500110A10 /* PacePushUITests */,
			);
		};
/* End PBXProject section */

/* Begin PBXResourcesBuildPhase section */
		1D60A2D32CB74C6500110A10 /* Resources */ = {
			isa = PBXResourcesBuildPhase;
			buildActionMask = 2147483647;
			files = (
				1D60A2E92CB74C6500110A10 /* Assets.xcassets in Resources */,
				1D60A2EB2CB74C6500110A10 /* PrivacyInfo.xcprivacy in Resources */,
			);
			runOnlyForDeploymentPostprocessing = 0;
		};
		1D60B0322CB74C6500110A10 /* Resources */ = {
			isa = PBXResourcesBuildPhase;
			buildActionMask = 2147483647;
			files = (
			);
			runOnlyForDeploymentPostprocessing = 0;
		};
		1D60B0332CB74C6500110A10 /* Resources */ = {
			isa = PBXResourcesBuildPhase;
			buildActionMask = 2147483647;
			files = (
			);
			runOnlyForDeploymentPostprocessing = 0;
		};
/* End PBXResourcesBuildPhase section */

/* Begin PBXSourcesBuildPhase section */
		1D60A2D12CB74C6500110A10 /* Sources */ = {
			isa = PBXSourcesBuildPhase;
			buildActionMask = 2147483647;
			files = (
				1D60A2D92CB74C6500110A10 /* PacePushApp.swift in Sources */,
				1D60A2DB2CB74C6500110A10 /* HealthKitDistanceSync.swift in Sources */,
			);
			runOnlyForDeploymentPostprocessing = 0;
		};
		1D60B0342CB74C6500110A10 /* Sources */ = {
			isa = PBXSourcesBuildPhase;
			buildActionMask = 2147483647;
			files = (
				1D60B0102CB74C6500110A10 /* PacePushTests.swift in Sources */,
			);
			runOnlyForDeploymentPostprocessing = 0;
		};
		1D60B0352CB74C6500110A10 /* Sources */ = {
			isa = PBXSourcesBuildPhase;
			buildActionMask = 2147483647;
			files = (
				1D60B0112CB74C6500110A10 /* PacePushUITests.swift in Sources */,
			);
			runOnlyForDeploymentPostprocessing = 0;
		};
/* End PBXSourcesBuildPhase section */

/* Begin PBXTargetDependency section */
		1D60B0602CB74C6500110A10 /* PBXTargetDependency */ = {
			isa = PBXTargetDependency;
			target = 1D60A2D42CB74C6500110A10 /* PacePush */;
			targetProxy = 1D60B0202CB74C6500110A10 /* PBXContainerItemProxy */;
		};
		1D60B0612CB74C6500110A10 /* PBXTargetDependency */ = {
			isa = PBXTargetDependency;
			target = 1D60A2D42CB74C6500110A10 /* PacePush */;
			targetProxy = 1D60B0212CB74C6500110A10 /* PBXContainerItemProxy */;
		};
/* End PBXTargetDependency section */

/* Begin XCBuildConfiguration section */
		1D60A2DD2CB74C6500110A10 /* Debug */ = {
			isa = XCBuildConfiguration;
			buildSettings = {
				ALWAYS_SEARCH_USER_PATHS = NO;
				CLANG_ANALYZER_NONNULL = YES;
				CLANG_ANALYZER_NUMBER_OBJECT_CONVERSION = YES_AGGRESSIVE;
				CLANG_CXX_LANGUAGE_STANDARD = "gnu++20";
				CLANG_ENABLE_MODULES = YES;
				CLANG_ENABLE_OBJC_ARC = YES;
				CLANG_ENABLE_OBJC_WEAK = YES;
				CLANG_WARN_BLOCK_CAPTURE_AUTORELEASING = YES;
				CLANG_WARN_BOOL_CONVERSION = YES;
				CLANG_WARN_COMMA = YES;
				CLANG_WARN_CONSTANT_CONVERSION = YES;
				CLANG_WARN_DEPRECATED_OBJC_IMPLEMENTATIONS = YES;
				CLANG_WARN_DIRECT_OBJC_ISA_USAGE = YES_ERROR;
				CLANG_WARN_DOCUMENTATION_COMMENTS = YES;
				CLANG_WARN_EMPTY_BODY = YES;
				CLANG_WARN_ENUM_CONVERSION = YES;
				CLANG_WARN_INFINITE_RECURSION = YES;
				CLANG_WARN_INT_CONVERSION = YES;
				CLANG_WARN_NON_LITERAL_NULL_CONVERSION = YES;
				CLANG_WARN_OBJC_IMPLICIT_RETAIN_SELF = YES;
				CLANG_WARN_OBJC_LITERAL_CONVERSION = YES;
				CLANG_WARN_OBJC_ROOT_CLASS = YES_ERROR;
				CLANG_WARN_QUOTED_INCLUDE_IN_FRAMEWORK_HEADER = YES;
				CLANG_WARN_RANGE_LOOP_ANALYSIS = YES;
				CLANG_WARN_STRICT_PROTOTYPES = YES;
				CLANG_WARN_SUSPICIOUS_MOVE = YES;
				CLANG_WARN_UNGUARDED_AVAILABILITY = YES_AGGRESSIVE;
				CLANG_WARN_UNREACHABLE_CODE = YES;
				CLANG_WARN__DUPLICATE_METHOD_MATCH = YES;
				COPY_PHASE_STRIP = NO;
				DEBUG_INFORMATION_FORMAT = dwarf;
				ENABLE_STRICT_OBJC_MSGSEND = YES;
				ENABLE_TESTABILITY = YES;
				ENABLE_USER_SCRIPT_SANDBOXING = YES;
				GCC_C_LANGUAGE_STANDARD = gnu17;
				GCC_DYNAMIC_NO_PIC = NO;
				GCC_NO_COMMON_BLOCKS = YES;
				GCC_OPTIMIZATION_LEVEL = 0;
				GCC_PREPROCESSOR_DEFINITIONS = (
					"DEBUG=1",
					"$(inherited)",
				);
				GCC_WARN_64_TO_32_BIT_CONVERSION = YES;
				GCC_WARN_ABOUT_RETURN_TYPE = YES_ERROR;
				GCC_WARN_UNDECLARED_SELECTOR = YES;
				GCC_WARN_UNINITIALIZED_AUTOS = YES_AGGRESSIVE;
				GCC_WARN_UNUSED_FUNCTION = YES;
				GCC_WARN_UNUSED_VARIABLE = YES;
				IPHONEOS_DEPLOYMENT_TARGET = 17.0;
				LOCALIZATION_PREFERS_STRING_CATALOGS = YES;
				MTL_ENABLE_DEBUG_INFO = INCLUDE_SOURCE;
				MTL_FAST_MATH = YES;
				ONLY_ACTIVE_ARCH = YES;
				SDKROOT = iphoneos;
				SWIFT_ACTIVE_COMPILATION_CONDITIONS = "DEBUG $(inherited)";
				SWIFT_OPTIMIZATION_LEVEL = "-Onone";
			};
			name = Debug;
		};
		1D60A2DE2CB74C6500110A10 /* Release */ = {
			isa = XCBuildConfiguration;
			buildSettings = {
				ALWAYS_SEARCH_USER_PATHS = NO;
				CLANG_ANALYZER_NONNULL = YES;
				CLANG_ANALYZER_NUMBER_OBJECT_CONVERSION = YES_AGGRESSIVE;
				CLANG_CXX_LANGUAGE_STANDARD = "gnu++20";
				CLANG_ENABLE_MODULES = YES;
				CLANG_ENABLE_OBJC_ARC = YES;
				CLANG_ENABLE_OBJC_WEAK = YES;
				CLANG_WARN_BLOCK_CAPTURE_AUTORELEASING = YES;
				CLANG_WARN_BOOL_CONVERSION = YES;
				CLANG_WARN_COMMA = YES;
				CLANG_WARN_CONSTANT_CONVERSION = YES;
				CLANG_WARN_DEPRECATED_OBJC_IMPLEMENTATIONS = YES;
				CLANG_WARN_DIRECT_OBJC_ISA_USAGE = YES_ERROR;
				CLANG_WARN_DOCUMENTATION_COMMENTS = YES;
				CLANG_WARN_EMPTY_BODY = YES;
				CLANG_WARN_ENUM_CONVERSION = YES;
				CLANG_WARN_INFINITE_RECURSION = YES;
				CLANG_WARN_INT_CONVERSION = YES;
				CLANG_WARN_NON_LITERAL_NULL_CONVERSION = YES;
				CLANG_WARN_OBJC_IMPLICIT_RETAIN_SELF = YES;
				CLANG_WARN_OBJC_LITERAL_CONVERSION = YES;
				CLANG_WARN_OBJC_ROOT_CLASS = YES_ERROR;
				CLANG_WARN_QUOTED_INCLUDE_IN_FRAMEWORK_HEADER = YES;
				CLANG_WARN_RANGE_LOOP_ANALYSIS = YES;
				CLANG_WARN_STRICT_PROTOTYPES = YES;
				CLANG_WARN_SUSPICIOUS_MOVE = YES;
				CLANG_WARN_UNGUARDED_AVAILABILITY = YES_AGGRESSIVE;
				CLANG_WARN_UNREACHABLE_CODE = YES;
				CLANG_WARN__DUPLICATE_METHOD_MATCH = YES;
				COPY_PHASE_STRIP = NO;
				DEBUG_INFORMATION_FORMAT = "dwarf-with-dsym";
				ENABLE_NS_ASSERTIONS = NO;
				ENABLE_STRICT_OBJC_MSGSEND = YES;
				ENABLE_USER_SCRIPT_SANDBOXING = YES;
				GCC_C_LANGUAGE_STANDARD = gnu17;
				GCC_NO_COMMON_BLOCKS = YES;
				GCC_WARN_64_TO_32_BIT_CONVERSION = YES;
				GCC_WARN_ABOUT_RETURN_TYPE = YES_ERROR;
				GCC_WARN_UNDECLARED_SELECTOR = YES;
				GCC_WARN_UNINITIALIZED_AUTOS = YES_AGGRESSIVE;
				GCC_WARN_UNUSED_FUNCTION = YES;
				GCC_WARN_UNUSED_VARIABLE = YES;
				IPHONEOS_DEPLOYMENT_TARGET = 17.0;
				LOCALIZATION_PREFERS_STRING_CATALOGS = YES;
				MTL_ENABLE_DEBUG_INFO = NO;
				MTL_FAST_MATH = YES;
				SDKROOT = iphoneos;
				SWIFT_COMPILATION_MODE = wholemodule;
				VALIDATE_PRODUCT = YES;
			};
			name = Release;
		};
		1D60A2E02CB74C6500110A10 /* Debug */ = {
			isa = XCBuildConfiguration;
			buildSettings = {
				ASSETCATALOG_COMPILER_APPICON_NAME = AppIcon;
				ASSETCATALOG_COMPILER_GLOBAL_ACCENT_COLOR_NAME = AccentColor;
				CODE_SIGN_ENTITLEMENTS = PacePush.entitlements;
				CODE_SIGN_STYLE = Automatic;
				CURRENT_PROJECT_VERSION = 2;
				DEVELOPMENT_ASSET_PATHS = "";
				DEVELOPMENT_TEAM = 9UTU695C76;
				GENERATE_INFOPLIST_FILE = NO;
				INFOPLIST_FILE = Info.plist;
				INFOPLIST_KEY_LSApplicationCategoryType = "public.app-category.healthcare-fitness";
				IPHONEOS_DEPLOYMENT_TARGET = 17.0;
				LD_RUNPATH_SEARCH_PATHS = (
					"$(inherited)",
					"@executable_path/Frameworks",
				);
				MARKETING_VERSION = 0.1;
				PRODUCT_BUNDLE_IDENTIFIER = com.paceandpush.app;
				PRODUCT_NAME = "$(TARGET_NAME)";
				SUPPORTED_PLATFORMS = "iphoneos iphonesimulator";
				SUPPORTS_MACCATALYST = NO;
				SUPPORTS_MAC_DESIGNED_FOR_IPHONE_IPAD = NO;
				SWIFT_EMIT_LOC_STRINGS = YES;
				SWIFT_VERSION = 5.0;
				TARGETED_DEVICE_FAMILY = 1;
			};
			name = Debug;
		};
		1D60A2E12CB74C6500110A10 /* Release */ = {
			isa = XCBuildConfiguration;
			buildSettings = {
				ASSETCATALOG_COMPILER_APPICON_NAME = AppIcon;
				ASSETCATALOG_COMPILER_GLOBAL_ACCENT_COLOR_NAME = AccentColor;
				CODE_SIGN_ENTITLEMENTS = PacePush.entitlements;
				CODE_SIGN_STYLE = Automatic;
				CURRENT_PROJECT_VERSION = 2;
				DEVELOPMENT_ASSET_PATHS = "";
				DEVELOPMENT_TEAM = 9UTU695C76;
				GENERATE_INFOPLIST_FILE = NO;
				INFOPLIST_FILE = Info.plist;
				INFOPLIST_KEY_LSApplicationCategoryType = "public.app-category.healthcare-fitness";
				IPHONEOS_DEPLOYMENT_TARGET = 17.0;
				LD_RUNPATH_SEARCH_PATHS = (
					"$(inherited)",
					"@executable_path/Frameworks",
				);
				MARKETING_VERSION = 0.1;
				PRODUCT_BUNDLE_IDENTIFIER = com.paceandpush.app;
				PRODUCT_NAME = "$(TARGET_NAME)";
				SUPPORTED_PLATFORMS = "iphoneos iphonesimulator";
				SUPPORTS_MACCATALYST = NO;
				SUPPORTS_MAC_DESIGNED_FOR_IPHONE_IPAD = NO;
				SWIFT_EMIT_LOC_STRINGS = YES;
				SWIFT_VERSION = 5.0;
				TARGETED_DEVICE_FAMILY = 1;
			};
			name = Release;
		};
		1D60B0902CB74C6500110A10 /* Debug */ = {
			isa = XCBuildConfiguration;
			buildSettings = {
				BUNDLE_LOADER = "$(TEST_HOST)";
				CODE_SIGN_STYLE = Automatic;
				CURRENT_PROJECT_VERSION = 1;
				DEVELOPMENT_TEAM = 9UTU695C76;
				GENERATE_INFOPLIST_FILE = YES;
				IPHONEOS_DEPLOYMENT_TARGET = 17.0;
				LD_RUNPATH_SEARCH_PATHS = (
					"$(inherited)",
					"@executable_path/Frameworks",
					"@loader_path/Frameworks",
				);
				MARKETING_VERSION = 0.1;
				PRODUCT_BUNDLE_IDENTIFIER = com.paceandpush.app.tests;
				PRODUCT_NAME = "$(TARGET_NAME)";
				SUPPORTED_PLATFORMS = "iphoneos iphonesimulator";
				SWIFT_EMIT_LOC_STRINGS = NO;
				SWIFT_VERSION = 5.0;
				TARGETED_DEVICE_FAMILY = 1;
				TEST_HOST = "$(BUILT_PRODUCTS_DIR)/PacePush.app/$(BUNDLE_EXECUTABLE_FOLDER_PATH)/PacePush";
			};
			name = Debug;
		};
		1D60B0912CB74C6500110A10 /* Release */ = {
			isa = XCBuildConfiguration;
			buildSettings = {
				BUNDLE_LOADER = "$(TEST_HOST)";
				CODE_SIGN_STYLE = Automatic;
				CURRENT_PROJECT_VERSION = 1;
				DEVELOPMENT_TEAM = 9UTU695C76;
				GENERATE_INFOPLIST_FILE = YES;
				IPHONEOS_DEPLOYMENT_TARGET = 17.0;
				LD_RUNPATH_SEARCH_PATHS = (
					"$(inherited)",
					"@executable_path/Frameworks",
					"@loader_path/Frameworks",
				);
				MARKETING_VERSION = 0.1;
				PRODUCT_BUNDLE_IDENTIFIER = com.paceandpush.app.tests;
				PRODUCT_NAME = "$(TARGET_NAME)";
				SUPPORTED_PLATFORMS = "iphoneos iphonesimulator";
				SWIFT_EMIT_LOC_STRINGS = NO;
				SWIFT_VERSION = 5.0;
				TARGETED_DEVICE_FAMILY = 1;
				TEST_HOST = "$(BUILT_PRODUCTS_DIR)/PacePush.app/$(BUNDLE_EXECUTABLE_FOLDER_PATH)/PacePush";
			};
			name = Release;
		};
		1D60B0922CB74C6500110A10 /* Debug */ = {
			isa = XCBuildConfiguration;
			buildSettings = {
				CODE_SIGN_STYLE = Automatic;
				CURRENT_PROJECT_VERSION = 1;
				DEVELOPMENT_TEAM = 9UTU695C76;
				GENERATE_INFOPLIST_FILE = YES;
				IPHONEOS_DEPLOYMENT_TARGET = 17.0;
				LD_RUNPATH_SEARCH_PATHS = (
					"$(inherited)",
					"@executable_path/Frameworks",
					"@loader_path/Frameworks",
				);
				MARKETING_VERSION = 0.1;
				PRODUCT_BUNDLE_IDENTIFIER = com.paceandpush.app.uitests;
				PRODUCT_NAME = "$(TARGET_NAME)";
				SUPPORTED_PLATFORMS = "iphoneos iphonesimulator";
				SWIFT_EMIT_LOC_STRINGS = NO;
				SWIFT_VERSION = 5.0;
				TARGETED_DEVICE_FAMILY = 1;
				TEST_TARGET_NAME = PacePush;
			};
			name = Debug;
		};
		1D60B0932CB74C6500110A10 /* Release */ = {
			isa = XCBuildConfiguration;
			buildSettings = {
				CODE_SIGN_STYLE = Automatic;
				CURRENT_PROJECT_VERSION = 1;
				DEVELOPMENT_TEAM = 9UTU695C76;
				GENERATE_INFOPLIST_FILE = YES;
				IPHONEOS_DEPLOYMENT_TARGET = 17.0;
				LD_RUNPATH_SEARCH_PATHS = (
					"$(inherited)",
					"@executable_path/Frameworks",
					"@loader_path/Frameworks",
				);
				MARKETING_VERSION = 0.1;
				PRODUCT_BUNDLE_IDENTIFIER = com.paceandpush.app.uitests;
				PRODUCT_NAME = "$(TARGET_NAME)";
				SUPPORTED_PLATFORMS = "iphoneos iphonesimulator";
				SWIFT_EMIT_LOC_STRINGS = NO;
				SWIFT_VERSION = 5.0;
				TARGETED_DEVICE_FAMILY = 1;
				TEST_TARGET_NAME = PacePush;
			};
			name = Release;
		};
/* End XCBuildConfiguration section */

/* Begin XCConfigurationList section */
		1D60A2D02CB74C6500110A10 /* Build configuration list for PBXProject "PacePush" */ = {
			isa = XCConfigurationList;
			buildConfigurations = (
				1D60A2DD2CB74C6500110A10 /* Debug */,
				1D60A2DE2CB74C6500110A10 /* Release */,
			);
			defaultConfigurationIsVisible = 0;
			defaultConfigurationName = Release;
		};
		1D60A2E52CB74C6500110A10 /* Build configuration list for PBXNativeTarget "PacePush" */ = {
			isa = XCConfigurationList;
			buildConfigurations = (
				1D60A2E02CB74C6500110A10 /* Debug */,
				1D60A2E12CB74C6500110A10 /* Release */,
			);
			defaultConfigurationIsVisible = 0;
			defaultConfigurationName = Release;
		};
		1D60B0802CB74C6500110A10 /* Build configuration list for PBXNativeTarget "PacePushTests" */ = {
			isa = XCConfigurationList;
			buildConfigurations = (
				1D60B0902CB74C6500110A10 /* Debug */,
				1D60B0912CB74C6500110A10 /* Release */,
			);
			defaultConfigurationIsVisible = 0;
			defaultConfigurationName = Release;
		};
		1D60B0812CB74C6500110A10 /* Build configuration list for PBXNativeTarget "PacePushUITests" */ = {
			isa = XCConfigurationList;
			buildConfigurations = (
				1D60B0922CB74C6500110A10 /* Debug */,
				1D60B0932CB74C6500110A10 /* Release */,
			);
			defaultConfigurationIsVisible = 0;
			defaultConfigurationName = Release;
		};
/* End XCConfigurationList section */
	};
	rootObject = 1D60A2CD2CB74C6500110A10 /* Project object */;
}
